
Microsoft Visual Studio Solution File, Format Version 12.00
# Visual Studio Version 16
VisualStudioVersion = 16.0.30804.86
MinimumVisualStudioVersion = 10.0.40219.1
Project("{9A19103F-16F7-4668-BE54-9A1E7A4F7556}") = "SCIMServer", "SCIMServer.csproj", "{250B84DF-574E-4A7F-BC59-97469889373E}"
EndProject
Global
	GlobalSection(SolutionConfigurationPlatforms) = preSolution
		Debug|Any CPU = Debug|Any CPU
		Release|Any CPU = Release|Any CPU
	EndGlobalSection
	GlobalSection(ProjectConfigurationPlatforms) = postSolution
		{250B84DF-574E-4A7F-BC59-97469889373E}.Debug|Any CPU.ActiveCfg = Debug|Any CPU
		{250B84DF-574E-4A7F-BC59-97469889373E}.Debug|Any CPU.Build.0 = Debug|Any CPU
		{250B84DF-574E-4A7F-BC59-97469889373E}.Release|Any CPU.ActiveCfg = Release|Any CPU
		{250B84DF-574E-4A7F-BC59-97469889373E}.Release|Any CPU.Build.0 = Release|Any CPU
	EndGlobalSection
	GlobalSection(SolutionProperties) = preSolution
		HideSolutionNode = FALSE
	EndGlobalSection
	GlobalSection(ExtensibilityGlobals) = postSolution
		SolutionGuid = {D1C6E0CD-42C2-40DF-8E8E-093C0743887A}
	EndGlobalSection
EndGlobal
